<?xml version="1.0" encoding="utf-8"?>
<Project ToolsVersion="4.0" xmlns="http://schemas.microsoft.com/developer/msbuild/2003">
  <ItemGroup>
    <Filter Include="Source Files">
      <UniqueIdentifier>{4FC737F1-C7A5-4376-A066-2A32D752A2FF}</UniqueIdentifier>
      <Extensions>cpp;c;cc;cxx;c++;cppm;ixx;def;odl;idl;hpj;bat;asm;asmx</Extensions>
    </Filter>
    <Filter Include="Header Files">
      <UniqueIdentifier>{93995380-89BD-4b04-88EB-625FBE52EBFB}</UniqueIdentifier>
      <Extensions>h;hh;hpp;hxx;h++;hm;inl;inc;ipp;xsd</Extensions>
    </Filter>
    <Filter Include="Resource Files">
      <UniqueIdentifier>{67DA6AB6-F800-4c08-8B7A-83BB121AAD01}</UniqueIdentifier>
      <Extensions>rc;ico;cur;bmp;dlg;rc2;rct;bin;rgs;gif;jpg;jpeg;jpe;resx;tiff;tif;png;wav;mfcribbon-ms</Extensions>
    </Filter>
    <Filter Include="Source Files\imgui">
      <UniqueIdentifier>{7e7fe400-bd13-4424-9ea7-e26983cdb439}</UniqueIdentifier>
    </Filter>
    <Filter Include="Source Files\Components">
      <UniqueIdentifier>{49485a97-3cf2-4a6b-8b10-6337081b9958}</UniqueIdentifier>
    </Filter>
    <Filter Include="Source Files\Scenes">
      <UniqueIdentifier>{d40a31c9-dbb6-4821-9fec-fc1dc08b77ff}</UniqueIdentifier>
    </Filter>
    <Filter Include="Header Files\Scenes">
      <UniqueIdentifier>{72f9fa43-96c8-4ae3-b745-666f950d9b1a}</UniqueIdentifier>
    </Filter>
    <Filter Include="Header Files\Components">
      <UniqueIdentifier>{def407ee-8eab-4406-ba4d-7f92529ecc89}</UniqueIdentifier>
    </Filter>
    <Filter Include="Source Files\imnodes">
      <UniqueIdentifier>{a70e54ae-73a7-431c-a768-a3225c67c554}</UniqueIdentifier>
    </Filter>
  </ItemGroup>
  <ItemGroup>
    <ClCompile Include="CryonicEngine.cpp">
      <Filter>Source Files</Filter>
    </ClCompile>
    <ClCompile Include="FontManager.cpp">
      <Filter>Source Files</Filter>
    </ClCompile>
    <ClCompile Include="Editor.cpp">
      <Filter>Source Files</Filter>
    </ClCompile>
    <ClCompile Include="GameObject.cpp">
      <Filter>Source Files</Filter>
    </ClCompile>
    <ClCompile Include="ProjectManager.cpp">
      <Filter>Source Files</Filter>
    </ClCompile>
    <ClCompile Include="Scenes\SceneManager.cpp">
      <Filter>Source Files\Scenes</Filter>
    </ClCompile>
    <ClCompile Include="Scenes\Scene.cpp">
      <Filter>Source Files\Scenes</Filter>
    </ClCompile>
    <ClCompile Include="Components\Component.cpp">
      <Filter>Source Files\Components</Filter>
    </ClCompile>
    <ClCompile Include="ConsoleLogger.cpp">
      <Filter>Source Files</Filter>
    </ClCompile>
    <ClCompile Include="Utilities.cpp">
      <Filter>Source Files</Filter>
    </ClCompile>
    <ClCompile Include="Components\ScriptComponent.cpp">
      <Filter>Source Files\Components</Filter>
    </ClCompile>
    <ClCompile Include="Components\MeshRenderer.cpp">
      <Filter>Source Files\Components</Filter>
    </ClCompile>
    <ClCompile Include="Components\ScriptLoader.cpp">
      <Filter>Source Files\Components</Filter>
    </ClCompile>
    <ClCompile Include="Components\CameraComponent.cpp">
      <Filter>Source Files\Components</Filter>
    </ClCompile>
    <ClCompile Include="IconManager.cpp">
      <Filter>Source Files</Filter>
    </ClCompile>
    <ClCompile Include="CryonicCore.cpp">
      <Filter>Source Files</Filter>
    </ClCompile>
    <ClCompile Include="ShaderManager.cpp">
      <Filter>Source Files</Filter>
    </ClCompile>
    <ClCompile Include="Components\Lighting.cpp">
      <Filter>Source Files\Components</Filter>
    </ClCompile>
    <ClCompile Include="Components\SpriteRenderer.cpp">
      <Filter>Source Files\Components</Filter>
    </ClCompile>
    <ClCompile Include="InputSystem.cpp">
      <Filter>Source Files</Filter>
    </ClCompile>
    <ClCompile Include="RaylibInputWrapper.cpp">
      <Filter>Source Files</Filter>
    </ClCompile>
    <ClCompile Include="RaylibWrapper.cpp">
      <Filter>Source Files</Filter>
    </ClCompile>
    <ClCompile Include="RaylibCameraWrapper.cpp">
      <Filter>Source Files</Filter>
    </ClCompile>
    <ClCompile Include="RaylibLightWrapper.cpp">
      <Filter>Source Files</Filter>
    </ClCompile>
    <ClCompile Include="RaylibDrawWrapper.cpp">
      <Filter>Source Files</Filter>
    </ClCompile>
    <ClCompile Include="RaylibModelWrapper.cpp">
      <Filter>Source Files</Filter>
    </ClCompile>
    <ClCompile Include="RaylibShaderWrapper.cpp">
      <Filter>Source Files</Filter>
    </ClCompile>
    <ClCompile Include="Components\Collider2D.cpp">
      <Filter>Source Files\Components</Filter>
    </ClCompile>
    <ClCompile Include="CollisionListener2D.cpp">
      <Filter>Source Files</Filter>
    </ClCompile>
    <ClCompile Include="Physics2DDebugDraw.cpp">
      <Filter>Source Files</Filter>
    </ClCompile>
    <ClCompile Include="Components\Rigidbody2D.cpp">
      <Filter>Source Files\Components</Filter>
    </ClCompile>
    <ClCompile Include="..\includes\imgui\imgui_draw.cpp">
      <Filter>Source Files\imgui</Filter>
    </ClCompile>
    <ClCompile Include="..\includes\imgui\imgui_tables.cpp">
      <Filter>Source Files\imgui</Filter>
    </ClCompile>
    <ClCompile Include="..\includes\imgui\imgui_widgets.cpp">
      <Filter>Source Files\imgui</Filter>
    </ClCompile>
    <ClCompile Include="..\includes\imgui\rlImGui.cpp">
      <Filter>Source Files\imgui</Filter>
    </ClCompile>
    <ClCompile Include="..\includes\imgui\imgui.cpp">
      <Filter>Source Files\imgui</Filter>
    </ClCompile>
    <ClCompile Include="..\includes\imgui\imgui_demo.cpp">
      <Filter>Source Files\imgui</Filter>
    </ClCompile>
    <ClCompile Include="Components\Skybox.cpp">
      <Filter>Source Files\Components</Filter>
    </ClCompile>
    <ClCompile Include="..\includes\imnodes\imnodes.cpp">
      <Filter>Source Files\imnodes</Filter>
    </ClCompile>
    <ClCompile Include="Components\AnimationPlayer.cpp">
      <Filter>Source Files\Components</Filter>
    </ClCompile>
    <ClCompile Include="CollisionListener3D.cpp">
      <Filter>Source Files</Filter>
    </ClCompile>
    <ClCompile Include="Components\Collider3D.cpp">
      <Filter>Source Files\Components</Filter>
    </ClCompile>
    <ClCompile Include="Components\Rigidbody3D.cpp">
      <Filter>Source Files\Components</Filter>
    </ClCompile>
    <ClCompile Include="EventSystem.cpp">
      <Filter>Source Files</Filter>
    </ClCompile>
  </ItemGroup>
  <ItemGroup>
    <ClInclude Include="FontManager.h">
      <Filter>Header Files</Filter>
    </ClInclude>
    <ClInclude Include="GameObject.h">
      <Filter>Header Files</Filter>
    </ClInclude>
    <ClInclude Include="Components\Component.h">
      <Filter>Header Files\Components</Filter>
    </ClInclude>
    <ClInclude Include="Scenes\SceneManager.h">
      <Filter>Header Files\Scenes</Filter>
    </ClInclude>
    <ClInclude Include="Scenes\Scene.h">
      <Filter>Header Files\Scenes</Filter>
    </ClInclude>
    <ClInclude Include="ConsoleLogger.h">
      <Filter>Header Files</Filter>
    </ClInclude>
    <ClInclude Include="ProjectManager.h">
      <Filter>Header Files</Filter>
    </ClInclude>
    <ClInclude Include="Utilities.h">
      <Filter>Header Files</Filter>
    </ClInclude>
    <ClInclude Include="..\includes\json.hpp">
      <Filter>Header Files</Filter>
    </ClInclude>
    <ClInclude Include="Editor.h">
      <Filter>Header Files</Filter>
    </ClInclude>
    <ClInclude Include="Components\ScriptComponent.h">
      <Filter>Header Files\Components</Filter>
    </ClInclude>
    <ClInclude Include="Components\MeshRenderer.h">
      <Filter>Header Files\Components</Filter>
    </ClInclude>
    <ClInclude Include="Components\ScriptLoader.h">
      <Filter>Header Files\Components</Filter>
    </ClInclude>
    <ClInclude Include="Components\CameraComponent.h">
      <Filter>Header Files\Components</Filter>
    </ClInclude>
    <ClInclude Include="IconManager.h">
      <Filter>Header Files</Filter>
    </ClInclude>
    <ClInclude Include="CryonicCore.h">
      <Filter>Header Files</Filter>
    </ClInclude>
    <ClInclude Include="ShaderManager.h">
      <Filter>Header Files</Filter>
    </ClInclude>
    <ClInclude Include="Components\Lighting.h">
      <Filter>Header Files\Components</Filter>
    </ClInclude>
    <ClInclude Include="Components\SpriteRenderer.h">
      <Filter>Header Files\Components</Filter>
    </ClInclude>
    <ClInclude Include="InputSystem.h">
      <Filter>Header Files</Filter>
    </ClInclude>
    <ClInclude Include="RaylibInputWrapper.h">
      <Filter>Header Files</Filter>
    </ClInclude>
    <ClInclude Include="RaylibWrapper.h">
      <Filter>Header Files</Filter>
    </ClInclude>
    <ClInclude Include="RaylibCameraWrapper.h">
      <Filter>Header Files</Filter>
    </ClInclude>
    <ClInclude Include="RaylibLightWrapper.h">
      <Filter>Header Files</Filter>
    </ClInclude>
    <ClInclude Include="RaylibDrawWrapper.h">
      <Filter>Header Files</Filter>
    </ClInclude>
    <ClInclude Include="RaylibModelWrapper.h">
      <Filter>Header Files</Filter>
    </ClInclude>
    <ClInclude Include="RaylibShaderWrapper.h">
      <Filter>Header Files</Filter>
    </ClInclude>
    <ClInclude Include="Components\Collider2D.h">
      <Filter>Header Files\Components</Filter>
    </ClInclude>
    <ClInclude Include="CollisionListener2D.h">
      <Filter>Header Files</Filter>
    </ClInclude>
    <ClInclude Include="Physics2DDebugDraw.h">
      <Filter>Header Files</Filter>
    </ClInclude>
    <ClInclude Include="Components\Rigidbody2D.h">
      <Filter>Header Files\Components</Filter>
    </ClInclude>
    <ClInclude Include="..\includes\imgui\imgui_impl_raylib.h">
      <Filter>Source Files\imgui</Filter>
    </ClInclude>
    <ClInclude Include="..\includes\imgui\imgui_internal.h">
      <Filter>Source Files\imgui</Filter>
    </ClInclude>
    <ClInclude Include="..\includes\imgui\imstb_rectpack.h">
      <Filter>Source Files\imgui</Filter>
    </ClInclude>
    <ClInclude Include="..\includes\imgui\imstb_textedit.h">
      <Filter>Source Files\imgui</Filter>
    </ClInclude>
    <ClInclude Include="..\includes\imgui\imstb_truetype.h">
      <Filter>Source Files\imgui</Filter>
    </ClInclude>
    <ClInclude Include="..\includes\imgui\rlImGui.h">
      <Filter>Source Files\imgui</Filter>
    </ClInclude>
    <ClInclude Include="..\includes\imgui\rlImGuiColors.h">
      <Filter>Source Files\imgui</Filter>
    </ClInclude>
    <ClInclude Include="..\includes\imgui\IconsFontAwesome6.h">
      <Filter>Source Files\imgui</Filter>
    </ClInclude>
    <ClInclude Include="..\includes\imgui\imconfig.h">
      <Filter>Source Files\imgui</Filter>
    </ClInclude>
    <ClInclude Include="..\includes\imgui\imgui.h">
      <Filter>Source Files\imgui</Filter>
    </ClInclude>
    <ClInclude Include="Components\Skybox.h">
      <Filter>Header Files\Components</Filter>
    </ClInclude>
    <ClInclude Include="..\includes\imnodes\imnodes.h">
      <Filter>Source Files\imnodes</Filter>
    </ClInclude>
    <ClInclude Include="..\includes\imnodes\imnodes_internal.h">
      <Filter>Source Files\imnodes</Filter>
    </ClInclude>
    <ClInclude Include="Components\AnimationPlayer.h">
      <Filter>Header Files\Components</Filter>
    </ClInclude>
    <ClInclude Include="..\includes\stb_image.h">
      <Filter>Header Files</Filter>
    </ClInclude>
    <ClInclude Include="..\includes\stb_image_write.h">
      <Filter>Header Files</Filter>
    </ClInclude>
    <ClInclude Include="..\includes\tiny_gltf.h">
      <Filter>Header Files</Filter>
    </ClInclude>
    <ClInclude Include="CollisionListener3D.h">
      <Filter>Header Files</Filter>
    </ClInclude>
    <ClInclude Include="Components\Collider3D.h">
      <Filter>Header Files\Components</Filter>
    </ClInclude>
    <ClInclude Include="Components\Rigidbody3D.h">
      <Filter>Header Files\Components</Filter>
    </ClInclude>
    <ClInclude Include="..\includes\imgui\ImGuiNotify.hpp">
      <Filter>Source Files\imgui</Filter>
    </ClInclude>
    <ClInclude Include="EventSystem.h">
      <Filter>Header Files</Filter>
    </ClInclude>
    <ClInclude Include="CryonicAPI.h">
      <Filter>Header Files</Filter>
    </ClInclude>
  </ItemGroup>
</Project>